[[tools.actionlint]]
version = "1.7.10"
backend = "aqua:rhysd/actionlint"
"platforms.linux-arm64" = { checksum = "sha256:cd3dfe5f66887ec6b987752d8d9614e59fd22f39415c5ad9f28374623f41773a", url = "https://github.com/rhysd/actionlint/releases/download/v1.7.10/actionlint_1.7.10_linux_arm64.tar.gz"}
"platforms.linux-x64" = { checksum = "sha256:f4c76b71db5755a713e6055cbb0857ed07e103e028bda117817660ebadb4386f", url = "https://github.com/rhysd/actionlint/releases/download/v1.7.10/actionlint_1.7.10_linux_amd64.tar.gz"}
"platforms.macos-arm64" = { checksum = "sha256:004ca87b367b37f4d75c55ab6cf80f9b8c043adbfbd440f31c604d417939c442", url = "https://github.com/rhysd/actionlint/releases/download/v1.7.10/actionlint_1.7.10_darwin_arm64.tar.gz"}
"platforms.macos-x64" = { checksum = "sha256:16782c41f2af264db80f855ee5d09164ca98fc78edf3bcd0f46eecff279682ba", url = "https://github.com/rhysd/actionlint/releases/download/v1.7.10/actionlint_1.7.10_darwin_amd64.tar.gz"}
"platforms.windows-x64" = { checksum = "sha256:283467f9d6202a8cb8c00ad8dd0ee4e685b71fb86a6a56c68fcbb9ae8ed91237", url = "https://github.com/rhysd/actionlint/releases/download/v1.7.10/actionlint_1.7.10_windows_amd64.zip"}

[[tools.hk]]
version = "1.35.0"
backend = "aqua:jdx/hk"
"platforms.linux-arm64" = { checksum = "sha256:e51d6404b59b2cebba411bf3900f93e81fb7ad807b7faaf8916c64c6fb327328", url = "https://github.com/jdx/hk/releases/download/v1.35.0/hk-aarch64-unknown-linux-gnu.tar.gz"}
"platforms.linux-x64" = { checksum = "sha256:1e2b7642c099faa4df20b4591059826529d7dafaed9dac98cd2212317c7c071e", url = "https://github.com/jdx/hk/releases/download/v1.35.0/hk-x86_64-unknown-linux-gnu.tar.gz"}
"platforms.macos-arm64" = { checksum = "sha256:ace34e486adc4fe22419e55ff14bacfe9a49deab47d6fba87138160bc0a6ee47", url = "https://github.com/jdx/hk/releases/download/v1.35.0/hk-aarch64-apple-darwin.tar.gz"}
"platforms.windows-x64" = { checksum = "sha256:204789f5fa33600eecd8ac0c9ac13ebf4834d9512f9840d66cc0db8251e8d57d", url = "https://github.com/jdx/hk/releases/download/v1.35.0/hk-x86_64-pc-windows-msvc.zip"}

[[tools.pkl]]
version = "0.30.2"
backend = "aqua:apple/pkl"
"platforms.linux-arm64" = { checksum = "sha256:8da3ae65104eb7058e35dc4a9fe46bd8ece2b6faf4b65d0b1054cadb2ede0246", url = "https://github.com/apple/pkl/releases/download/0.30.2/pkl-linux-aarch64"}
"platforms.linux-x64" = { checksum = "sha256:474e5137d60a9e2320fde19a526f42c36d8e9d3b245139d59a9b8dff85283c76", url = "https://github.com/apple/pkl/releases/download/0.30.2/pkl-linux-amd64"}
"platforms.macos-arm64" = { checksum = "sha256:f1db44c0f6f859aee88c9d7d272f2371ae40ac95ec9957ae78eff51665158e04", url = "https://github.com/apple/pkl/releases/download/0.30.2/pkl-macos-aarch64"}
"platforms.macos-x64" = { checksum = "sha256:5f62ae7a7a34c15b3a83af17bda8e6b98516953f383a492340d4aa090caaa6d9", url = "https://github.com/apple/pkl/releases/download/0.30.2/pkl-macos-amd64"}
"platforms.windows-x64" = { checksum = "sha256:19e92aa59bcf4e54963b6e3b419af7e1b939f5793b44f4a08d60bab1217106f4", url = "https://github.com/apple/pkl/releases/download/0.30.2/pkl-windows-amd64.exe"}

[[tools.shfmt]]
version = "3.12.0"
backend = "aqua:mvdan/sh"
"platforms.linux-arm64" = { checksum = "sha256:5f3fe3fa6a9f766e6a182ba79a94bef8afedafc57db0b1ad32b0f67fae971ba4", url = "https://github.com/mvdan/sh/releases/download/v3.12.0/shfmt_v3.12.0_linux_arm64"}
"platforms.linux-x64" = { checksum = "sha256:d9fbb2a9c33d13f47e7618cf362a914d029d02a6df124064fff04fd688a745ea", url = "https://github.com/mvdan/sh/releases/download/v3.12.0/shfmt_v3.12.0_linux_amd64"}
"platforms.macos-arm64" = { checksum = "sha256:d903802e0ce3ecbc82b98512f55ba370b0d37a93f3f78de394f5b657052b33dd", url = "https://github.com/mvdan/sh/releases/download/v3.12.0/shfmt_v3.12.0_darwin_arm64"}
"platforms.macos-x64" = { checksum = "sha256:c31548693de6584e6164b7ed5fbb7b4a083f2d937ca94b4e0ddf59aa461a85e4", url = "https://github.com/mvdan/sh/releases/download/v3.12.0/shfmt_v3.12.0_darwin_amd64"}
"platforms.windows-x64" = { checksum = "sha256:c8bda517ba1c640ce4a715c0fa665439ddbe4357ba5e9b77b0e51e70e2b9c94b", url = "https://github.com/mvdan/sh/releases/download/v3.12.0/shfmt_v3.12.0_windows_amd64.exe"}

[[tools.swift]]
version = "6.2.3"
backend = "core:swift"
"platforms.macos-arm64" = { checksum = "blake3:9ae13788a8420046f4bf3311777ffc52a5c9f95b92ab1dad4ec7801f3494d6a7"}

[[tools.usage]]
version = "2.16.1"
backend = "aqua:jdx/usage"
"platforms.linux-arm64" = { checksum = "sha256:29ab8f0cf07d94f4f852007413594714561de9d613fe4dbf12b287dfa1bee0ac", url = "https://github.com/jdx/usage/releases/download/v2.16.1/usage-aarch64-unknown-linux-musl.tar.gz"}
"platforms.linux-x64" = { checksum = "sha256:9ff23ebae8b3fc049b4ed4fec29c417063597c79739bab094c390ddfe56e9623", url = "https://github.com/jdx/usage/releases/download/v2.16.1/usage-x86_64-unknown-linux-musl.tar.gz"}
"platforms.macos-arm64" = { checksum = "sha256:3bba8d4916da22dbd4afe4ab6c59c988765d7e0374e1121b43ce8b1a282cfc78", url = "https://github.com/jdx/usage/releases/download/v2.16.1/usage-universal-apple-darwin.tar.gz"}
"platforms.macos-x64" = { checksum = "sha256:3bba8d4916da22dbd4afe4ab6c59c988765d7e0374e1121b43ce8b1a282cfc78", url = "https://github.com/jdx/usage/releases/download/v2.16.1/usage-universal-apple-darwin.tar.gz"}

[[tools.xcsift]]
version = "1.1.1"
backend = "github:ldomaradzki/xcsift"
"platforms.linux-x64" = { checksum = "sha256:46a5b261151f4e0fb334857b697c95299a670c9c8e2870db9bb1573820444d44", url = "https://github.com/ldomaradzki/xcsift/releases/download/v1.1.1/xcsift-v1.1.1-linux-x64.tar.gz", url_api = "https://api.github.com/repos/ldomaradzki/xcsift/releases/assets/349115686"}
"platforms.macos-arm64" = { checksum = "sha256:2e9fb443a5bcc4c42ce90679c429fd52cd53a26b3a754c2eb1a1630c09e71d47", url = "https://github.com/ldomaradzki/xcsift/releases/download/v1.1.1/xcsift-v1.1.1-macos-arm64.tar.gz", url_api = "https://api.github.com/repos/ldomaradzki/xcsift/releases/assets/349115687"}

[[tools.yamlfmt]]
version = "0.21.0"
backend = "aqua:google/yamlfmt"
"platforms.linux-arm64" = { checksum = "sha256:5b2689c963b177271330c5ce8ca7396751107e5a826be46f03d2cb9b6f0c7784", url = "https://github.com/google/yamlfmt/releases/download/v0.21.0/yamlfmt_0.21.0_Linux_arm64.tar.gz"}
"platforms.linux-x64" = { checksum = "sha256:1f300d9257b232bb3b541d7fb1b0e6b3c121bcbab381c86cd38cb8722be8a566", url = "https://github.com/google/yamlfmt/releases/download/v0.21.0/yamlfmt_0.21.0_Linux_x86_64.tar.gz"}
"platforms.macos-arm64" = { checksum = "sha256:4b417ecb94339d57e4c122ecc948c1a00fe328b5853266de9806e652a92858fa", url = "https://github.com/google/yamlfmt/releases/download/v0.21.0/yamlfmt_0.21.0_Darwin_arm64.tar.gz"}
"platforms.macos-x64" = { checksum = "sha256:060e943bcb8583c456810eb1ff4721b4f46c4a0c1a4432449d5dc3bbfe29a22b", url = "https://github.com/google/yamlfmt/releases/download/v0.21.0/yamlfmt_0.21.0_Darwin_x86_64.tar.gz"}
"platforms.windows-x64" = { checksum = "sha256:07f80ce5d741eb4b0a9380ac78a19c7cb5bd44e2a9a47a5a04839e3ba54dd463", url = "https://github.com/google/yamlfmt/releases/download/v0.21.0/yamlfmt_0.21.0_Windows_x86_64.tar.gz"}
